<?xml version="1.0" encoding="utf-8"?>
<Project ToolsVersion="4.0" xmlns="http://schemas.microsoft.com/developer/msbuild/2003">
  <ItemGroup>
    <Filter Include="Source Files">
      <UniqueIdentifier>{4FC737F1-C7A5-4376-A066-2A32D752A2FF}</UniqueIdentifier>
      <Extensions>cpp;c;cc;cxx;c++;cppm;ixx;def;odl;idl;hpj;bat;asm;asmx</Extensions>
    </Filter>
    <Filter Include="Materials">
      <UniqueIdentifier>{430dbd43-c961-46f7-8783-accb98c36125}</UniqueIdentifier>
    </Filter>
    <Filter Include="Hittables">
      <UniqueIdentifier>{18c8f125-39d0-4080-9176-1c419f5b59ec}</UniqueIdentifier>
    </Filter>
    <Filter Include="Engine">
      <UniqueIdentifier>{33434832-fcc5-4dc1-a330-1bd55866d993}</UniqueIdentifier>
    </Filter>
    <Filter Include="Utility">
      <UniqueIdentifier>{88258214-a0da-4ed8-9b65-d97a69c449ed}</UniqueIdentifier>
    </Filter>
    <Filter Include="Math">
      <UniqueIdentifier>{7ef604a4-3409-452a-9427-08271af34ed8}</UniqueIdentifier>
    </Filter>
  </ItemGroup>
  <ItemGroup>
    <ClCompile Include="src\main.cpp">
      <Filter>Source Files</Filter>
    </ClCompile>
    <ClCompile Include="src\lambertian.cpp">
      <Filter>Materials</Filter>
    </ClCompile>
    <ClCompile Include="src\metal.cpp">
      <Filter>Materials</Filter>
    </ClCompile>
    <ClCompile Include="src\dielectric.cpp">
      <Filter>Materials</Filter>
    </ClCompile>
    <ClCompile Include="src\hittable_list.cpp">
      <Filter>Hittables</Filter>
    </ClCompile>
    <ClCompile Include="src\sphere.cpp">
      <Filter>Hittables</Filter>
    </ClCompile>
    <ClCompile Include="src\camera.cpp">
      <Filter>Engine</Filter>
    </ClCompile>
    <ClCompile Include="src\ray.cpp">
      <Filter>Engine</Filter>
    </ClCompile>
    <ClCompile Include="src\interval.cpp">
      <Filter>Math</Filter>
    </ClCompile>
    <ClCompile Include="src\vector_3.cpp">
      <Filter>Math</Filter>
    </ClCompile>
    <ClCompile Include="src\thread_pool.cpp">
      <Filter>Utility</Filter>
    </ClCompile>
    <ClCompile Include="src\image.cpp">
      <Filter>Utility</Filter>
    </ClCompile>
  </ItemGroup>
  <ItemGroup>
    <ClInclude Include="src\metal.h">
      <Filter>Materials</Filter>
    </ClInclude>
    <ClInclude Include="src\material.h">
      <Filter>Materials</Filter>
    </ClInclude>
    <ClInclude Include="src\lambertian.h">
      <Filter>Materials</Filter>
    </ClInclude>
    <ClInclude Include="src\dielectric.h">
      <Filter>Materials</Filter>
    </ClInclude>
    <ClInclude Include="src\hittable_list.h">
      <Filter>Hittables</Filter>
    </ClInclude>
    <ClInclude Include="src\hittable.h">
      <Filter>Hittables</Filter>
    </ClInclude>
    <ClInclude Include="src\sphere.h">
      <Filter>Hittables</Filter>
    </ClInclude>
    <ClInclude Include="src\camera.h">
      <Filter>Engine</Filter>
    </ClInclude>
    <ClInclude Include="src\ray.h">
      <Filter>Engine</Filter>
    </ClInclude>
    <ClInclude Include="src\utility.h">
      <Filter>Utility</Filter>
    </ClInclude>
    <ClInclude Include="src\interval.h">
      <Filter>Math</Filter>
    </ClInclude>
    <ClInclude Include="src\vector_3.h">
      <Filter>Math</Filter>
    </ClInclude>
    <ClInclude Include="src\image.h">
      <Filter>Utility</Filter>
    </ClInclude>
    <ClInclude Include="src\thread_pool.h">
      <Filter>Utility</Filter>
    </ClInclude>
  </ItemGroup>
  <ItemGroup>
    <None Include="README.md" />
  </ItemGroup>
</Project>